// !$*UTF8*$!
{
	archiveVersion = 1;
	classes = {
	};
	objectVersion = 56;
	objects = {

/* Begin PBXBuildFile section */
		6C15CC8829CE1500003F51B8 /* NavigationButtonClick.swift in Sources */ = {isa = PBXBuildFile; fileRef = 6C15CC8729CE1500003F51B8 /* NavigationButtonClick.swift */; };
		6C15CC8A29CE1563003F51B8 /* DetailView.swift in Sources */ = {isa = PBXBuildFile; fileRef = 6C15CC8929CE1563003F51B8 /* DetailView.swift */; };
		6C15CC8C29CE168D003F51B8 /* PassDataFromList.swift in Sources */ = {isa = PBXBuildFile; fileRef = 6C15CC8B29CE168C003F51B8 /* PassDataFromList.swift */; };
		6C18FD4529CE60F40087FCBE /* ModalSheet.swift in Sources */ = {isa = PBXBuildFile; fileRef = 6C18FD4429CE60F40087FCBE /* ModalSheet.swift */; };
		6C18FD4729CE61610087FCBE /* ModalWindow.swift in Sources */ = {isa = PBXBuildFile; fileRef = 6C18FD4629CE61610087FCBE /* ModalWindow.swift */; };
		6C18FD4A29CE65000087FCBE /* ObservedObjectDemo.swift in Sources */ = {isa = PBXBuildFile; fileRef = 6C18FD4929CE65000087FCBE /* ObservedObjectDemo.swift */; };
		6C18FD4C29CE65270087FCBE /* ModeloDemo.swift in Sources */ = {isa = PBXBuildFile; fileRef = 6C18FD4B29CE65270087FCBE /* ModeloDemo.swift */; };
		6C1AA0BB29DD058400B31FD7 /* AddingMovingRemovingItems.swift in Sources */ = {isa = PBXBuildFile; fileRef = 6C1AA0BA29DD058400B31FD7 /* AddingMovingRemovingItems.swift */; };
		6C3614E429C8DD6F00A593B8 /* PinnedViews.swift in Sources */ = {isa = PBXBuildFile; fileRef = 6C3614E329C8DD6F00A593B8 /* PinnedViews.swift */; };
		6C366D9B29D000960001680B /* NavigationProgrammatically.swift in Sources */ = {isa = PBXBuildFile; fileRef = 6C366D9A29D000960001680B /* NavigationProgrammatically.swift */; };
		6C366D9D29D001C40001680B /* DetailViewProgramatically.swift in Sources */ = {isa = PBXBuildFile; fileRef = 6C366D9C29D001C40001680B /* DetailViewProgramatically.swift */; };
		6C488E9129F6E642006AB99F /* MultipleLists.swift in Sources */ = {isa = PBXBuildFile; fileRef = 6C488E9029F6E642006AB99F /* MultipleLists.swift */; };
		6C488E9329F6E6C1006AB99F /* MultiDetailView.swift in Sources */ = {isa = PBXBuildFile; fileRef = 6C488E9229F6E6C1006AB99F /* MultiDetailView.swift */; };
		6C488EB929F711E9006AB99F /* FullScreenCoverDemo.swift in Sources */ = {isa = PBXBuildFile; fileRef = 6C488EB829F711E9006AB99F /* FullScreenCoverDemo.swift */; };
		6C488EBB29F71215006AB99F /* ColorDetailView.swift in Sources */ = {isa = PBXBuildFile; fileRef = 6C488EBA29F71215006AB99F /* ColorDetailView.swift */; };
		6C49301829F2EEF600A0FFA9 /* PassDataFromChildToParent.swift in Sources */ = {isa = PBXBuildFile; fileRef = 6C49301729F2EEF600A0FFA9 /* PassDataFromChildToParent.swift */; };
		6C49301A29F2F50300A0FFA9 /* AddItemView.swift in Sources */ = {isa = PBXBuildFile; fileRef = 6C49301929F2F50300A0FFA9 /* AddItemView.swift */; };
		6C49302029F3027D00A0FFA9 /* NavigationMultipleViews.swift in Sources */ = {isa = PBXBuildFile; fileRef = 6C49301F29F3027D00A0FFA9 /* NavigationMultipleViews.swift */; };
		6C49302229F302B300A0FFA9 /* SecondView.swift in Sources */ = {isa = PBXBuildFile; fileRef = 6C49302129F302B300A0FFA9 /* SecondView.swift */; };
		6C49302429F3046800A0FFA9 /* ThirdView.swift in Sources */ = {isa = PBXBuildFile; fileRef = 6C49302329F3046800A0FFA9 /* ThirdView.swift */; };
		6C49302829F307CB00A0FFA9 /* MultipleNavigationValueTypes.swift in Sources */ = {isa = PBXBuildFile; fileRef = 6C49302729F307CA00A0FFA9 /* MultipleNavigationValueTypes.swift */; };
		6C5BAFBB29D4D24800214CE2 /* BindingImageDemo.swift in Sources */ = {isa = PBXBuildFile; fileRef = 6C5BAFBA29D4D24800214CE2 /* BindingImageDemo.swift */; };
		6C5BAFBD29D4D2F800214CE2 /* PassingData.swift in Sources */ = {isa = PBXBuildFile; fileRef = 6C5BAFBC29D4D2F800214CE2 /* PassingData.swift */; };
		6C5BAFBF29D4D3BC00214CE2 /* BindingStringDemo.swift in Sources */ = {isa = PBXBuildFile; fileRef = 6C5BAFBE29D4D3BC00214CE2 /* BindingStringDemo.swift */; };
		6C711F1729C741C900119283 /* iOSBootcampSwiftUIApp.swift in Sources */ = {isa = PBXBuildFile; fileRef = 6C711F1629C741C900119283 /* iOSBootcampSwiftUIApp.swift */; };
		6C711F1929C741C900119283 /* ContentView.swift in Sources */ = {isa = PBXBuildFile; fileRef = 6C711F1829C741C900119283 /* ContentView.swift */; };
		6C711F1B29C741CB00119283 /* Assets.xcassets in Resources */ = {isa = PBXBuildFile; fileRef = 6C711F1A29C741CB00119283 /* Assets.xcassets */; };
		6C711F1E29C741CB00119283 /* Preview Assets.xcassets in Resources */ = {isa = PBXBuildFile; fileRef = 6C711F1D29C741CB00119283 /* Preview Assets.xcassets */; };
		6C711F2529C74B5800119283 /* Shapes.swift in Sources */ = {isa = PBXBuildFile; fileRef = 6C711F2429C74B5800119283 /* Shapes.swift */; };
		6C711F2729C74B6000119283 /* Colors.swift in Sources */ = {isa = PBXBuildFile; fileRef = 6C711F2629C74B6000119283 /* Colors.swift */; };
		6C711F2929C750B200119283 /* Animation.swift in Sources */ = {isa = PBXBuildFile; fileRef = 6C711F2829C750B200119283 /* Animation.swift */; };
		6C711F2B29C750C700119283 /* Buttons.swift in Sources */ = {isa = PBXBuildFile; fileRef = 6C711F2A29C750C700119283 /* Buttons.swift */; };
		6C711F2D29C750DE00119283 /* Icons.swift in Sources */ = {isa = PBXBuildFile; fileRef = 6C711F2C29C750DE00119283 /* Icons.swift */; };
		6C711F2F29C750F200119283 /* Images.swift in Sources */ = {isa = PBXBuildFile; fileRef = 6C711F2E29C750F200119283 /* Images.swift */; };
		6C711F3129C7514F00119283 /* Backgrounds&Overlays.swift in Sources */ = {isa = PBXBuildFile; fileRef = 6C711F3029C7514F00119283 /* Backgrounds&Overlays.swift */; };
		6C711F3329C7518F00119283 /* BindingProperties.swift in Sources */ = {isa = PBXBuildFile; fileRef = 6C711F3229C7518F00119283 /* BindingProperties.swift */; };
		6C711F3529C7535C00119283 /* Grids.swift in Sources */ = {isa = PBXBuildFile; fileRef = 6C711F3429C7535C00119283 /* Grids.swift */; };
		6C711F3729C7558200119283 /* TextDemo.swift in Sources */ = {isa = PBXBuildFile; fileRef = 6C711F3629C7558200119283 /* TextDemo.swift */; };
		6C711F3929C7575700119283 /* ScrollViewDemo.swift in Sources */ = {isa = PBXBuildFile; fileRef = 6C711F3829C7575700119283 /* ScrollViewDemo.swift */; };
		6C8B0F472A02098600E29FF5 /* SegmentedControlDemo.swift in Sources */ = {isa = PBXBuildFile; fileRef = 6C8B0F462A02098600E29FF5 /* SegmentedControlDemo.swift */; };
		6C8EB18E29F34BA100AE7BCE /* AlertsDemo.swift in Sources */ = {isa = PBXBuildFile; fileRef = 6C8EB18D29F34BA100AE7BCE /* AlertsDemo.swift */; };
		6C9ED13529F8D30A00B6076A /* NavigationStackAndSheet.swift in Sources */ = {isa = PBXBuildFile; fileRef = 6C9ED13429F8D30A00B6076A /* NavigationStackAndSheet.swift */; };
		6C9ED13729F8D46100B6076A /* DetailSheetView.swift in Sources */ = {isa = PBXBuildFile; fileRef = 6C9ED13629F8D46100B6076A /* DetailSheetView.swift */; };
		6CA045C629E47D6600194997 /* PullToRefreshDemo.swift in Sources */ = {isa = PBXBuildFile; fileRef = 6CA045C529E47D6600194997 /* PullToRefreshDemo.swift */; };
		6CA045C829E4878500194997 /* SearchItemsList.swift in Sources */ = {isa = PBXBuildFile; fileRef = 6CA045C729E4878500194997 /* SearchItemsList.swift */; };
		6CA045CA29E490A900194997 /* AutoScrollListDemo.swift in Sources */ = {isa = PBXBuildFile; fileRef = 6CA045C929E490A900194997 /* AutoScrollListDemo.swift */; };
		6CBBB25B29DB9693007ABDC4 /* GeometryReaderStacks.swift in Sources */ = {isa = PBXBuildFile; fileRef = 6CBBB25A29DB9693007ABDC4 /* GeometryReaderStacks.swift */; };
		6CC2278A29CA7E0F00B52CE1 /* DragView.swift in Sources */ = {isa = PBXBuildFile; fileRef = 6CC2278929CA7E0F00B52CE1 /* DragView.swift */; };
		6CC2278C29CA7FCD00B52CE1 /* RotateAnimation3D.swift in Sources */ = {isa = PBXBuildFile; fileRef = 6CC2278B29CA7FCD00B52CE1 /* RotateAnimation3D.swift */; };
		6CCF744629D5F3FE0037F3D7 /* DownloadWithCombine.swift in Sources */ = {isa = PBXBuildFile; fileRef = 6CCF744529D5F3FE0037F3D7 /* DownloadWithCombine.swift */; };
		6CFE5FCC29DB3CD900376007 /* DisplayItemsInList.swift in Sources */ = {isa = PBXBuildFile; fileRef = 6CFE5FCB29DB3CD900376007 /* DisplayItemsInList.swift */; };
		6CFE5FCE29DB436200376007 /* FormDemo.swift in Sources */ = {isa = PBXBuildFile; fileRef = 6CFE5FCD29DB436200376007 /* FormDemo.swift */; };
		6CFE5FD129DB477600376007 /* RowStyleInList.swift in Sources */ = {isa = PBXBuildFile; fileRef = 6CFE5FD029DB477600376007 /* RowStyleInList.swift */; };
		6CFE5FD329DB47D800376007 /* RowStyleDetailView.swift in Sources */ = {isa = PBXBuildFile; fileRef = 6CFE5FD229DB47D800376007 /* RowStyleDetailView.swift */; };
		6CFE5FD529DB4D2800376007 /* GeometryReaderDemo.swift in Sources */ = {isa = PBXBuildFile; fileRef = 6CFE5FD429DB4D2800376007 /* GeometryReaderDemo.swift */; };
		6CFF4CE829C92C3200B1DFB9 /* HeroAnimations.swift in Sources */ = {isa = PBXBuildFile; fileRef = 6CFF4CE729C92C3200B1DFB9 /* HeroAnimations.swift */; };
		6CFF4CEB29C931AE00B1DFB9 /* NamespaceDemo.swift in Sources */ = {isa = PBXBuildFile; fileRef = 6CFF4CEA29C931AE00B1DFB9 /* NamespaceDemo.swift */; };
		6CFF4CED29C9339200B1DFB9 /* MagnifyView.swift in Sources */ = {isa = PBXBuildFile; fileRef = 6CFF4CEC29C9339200B1DFB9 /* MagnifyView.swift */; };
		6CFF4CF029C937A300B1DFB9 /* DatePickerDemo.swift in Sources */ = {isa = PBXBuildFile; fileRef = 6CFF4CEF29C937A300B1DFB9 /* DatePickerDemo.swift */; };
		6CFF4CF229C93D1A00B1DFB9 /* RotateView.swift in Sources */ = {isa = PBXBuildFile; fileRef = 6CFF4CF129C93D1A00B1DFB9 /* RotateView.swift */; };
/* End PBXBuildFile section */

/* Begin PBXFileReference section */
		6C15CC8729CE1500003F51B8 /* NavigationButtonClick.swift */ = {isa = PBXFileReference; lastKnownFileType = sourcecode.swift; path = NavigationButtonClick.swift; sourceTree = "<group>"; };
		6C15CC8929CE1563003F51B8 /* DetailView.swift */ = {isa = PBXFileReference; lastKnownFileType = sourcecode.swift; path = DetailView.swift; sourceTree = "<group>"; };
		6C15CC8B29CE168C003F51B8 /* PassDataFromList.swift */ = {isa = PBXFileReference; lastKnownFileType = sourcecode.swift; path = PassDataFromList.swift; sourceTree = "<group>"; };
		6C18FD4429CE60F40087FCBE /* ModalSheet.swift */ = {isa = PBXFileReference; lastKnownFileType = sourcecode.swift; path = ModalSheet.swift; sourceTree = "<group>"; };
		6C18FD4629CE61610087FCBE /* ModalWindow.swift */ = {isa = PBXFileReference; lastKnownFileType = sourcecode.swift; path = ModalWindow.swift; sourceTree = "<group>"; };
		6C18FD4929CE65000087FCBE /* ObservedObjectDemo.swift */ = {isa = PBXFileReference; lastKnownFileType = sourcecode.swift; path = ObservedObjectDemo.swift; sourceTree = "<group>"; };
		6C18FD4B29CE65270087FCBE /* ModeloDemo.swift */ = {isa = PBXFileReference; lastKnownFileType = sourcecode.swift; path = ModeloDemo.swift; sourceTree = "<group>"; };
		6C1AA0BA29DD058400B31FD7 /* AddingMovingRemovingItems.swift */ = {isa = PBXFileReference; lastKnownFileType = sourcecode.swift; path = AddingMovingRemovingItems.swift; sourceTree = "<group>"; };
		6C3614E329C8DD6F00A593B8 /* PinnedViews.swift */ = {isa = PBXFileReference; lastKnownFileType = sourcecode.swift; path = PinnedViews.swift; sourceTree = "<group>"; };
		6C366D9A29D000960001680B /* NavigationProgrammatically.swift */ = {isa = PBXFileReference; lastKnownFileType = sourcecode.swift; path = NavigationProgrammatically.swift; sourceTree = "<group>"; };
		6C366D9C29D001C40001680B /* DetailViewProgramatically.swift */ = {isa = PBXFileReference; lastKnownFileType = sourcecode.swift; path = DetailViewProgramatically.swift; sourceTree = "<group>"; };
		6C488E9029F6E642006AB99F /* MultipleLists.swift */ = {isa = PBXFileReference; lastKnownFileType = sourcecode.swift; path = MultipleLists.swift; sourceTree = "<group>"; };
		6C488E9229F6E6C1006AB99F /* MultiDetailView.swift */ = {isa = PBXFileReference; lastKnownFileType = sourcecode.swift; path = MultiDetailView.swift; sourceTree = "<group>"; };
		6C488EB829F711E9006AB99F /* FullScreenCoverDemo.swift */ = {isa = PBXFileReference; lastKnownFileType = sourcecode.swift; path = FullScreenCoverDemo.swift; sourceTree = "<group>"; };
		6C488EBA29F71215006AB99F /* ColorDetailView.swift */ = {isa = PBXFileReference; lastKnownFileType = sourcecode.swift; path = ColorDetailView.swift; sourceTree = "<group>"; };
		6C49301729F2EEF600A0FFA9 /* PassDataFromChildToParent.swift */ = {isa = PBXFileReference; lastKnownFileType = sourcecode.swift; path = PassDataFromChildToParent.swift; sourceTree = "<group>"; };
		6C49301929F2F50300A0FFA9 /* AddItemView.swift */ = {isa = PBXFileReference; lastKnownFileType = sourcecode.swift; path = AddItemView.swift; sourceTree = "<group>"; };
		6C49301F29F3027D00A0FFA9 /* NavigationMultipleViews.swift */ = {isa = PBXFileReference; lastKnownFileType = sourcecode.swift; path = NavigationMultipleViews.swift; sourceTree = "<group>"; };
		6C49302129F302B300A0FFA9 /* SecondView.swift */ = {isa = PBXFileReference; lastKnownFileType = sourcecode.swift; path = SecondView.swift; sourceTree = "<group>"; };
		6C49302329F3046800A0FFA9 /* ThirdView.swift */ = {isa = PBXFileReference; lastKnownFileType = sourcecode.swift; path = ThirdView.swift; sourceTree = "<group>"; };
		6C49302729F307CA00A0FFA9 /* MultipleNavigationValueTypes.swift */ = {isa = PBXFileReference; lastKnownFileType = sourcecode.swift; path = MultipleNavigationValueTypes.swift; sourceTree = "<group>"; };
		6C5BAFBA29D4D24800214CE2 /* BindingImageDemo.swift */ = {isa = PBXFileReference; lastKnownFileType = sourcecode.swift; path = BindingImageDemo.swift; sourceTree = "<group>"; };
		6C5BAFBC29D4D2F800214CE2 /* PassingData.swift */ = {isa = PBXFileReference; lastKnownFileType = sourcecode.swift; path = PassingData.swift; sourceTree = "<group>"; };
		6C5BAFBE29D4D3BC00214CE2 /* BindingStringDemo.swift */ = {isa = PBXFileReference; lastKnownFileType = sourcecode.swift; path = BindingStringDemo.swift; sourceTree = "<group>"; };
		6C711F1329C741C900119283 /* iOSBootcampSwiftUI.app */ = {isa = PBXFileReference; explicitFileType = wrapper.application; includeInIndex = 0; path = iOSBootcampSwiftUI.app; sourceTree = BUILT_PRODUCTS_DIR; };
		6C711F1629C741C900119283 /* iOSBootcampSwiftUIApp.swift */ = {isa = PBXFileReference; lastKnownFileType = sourcecode.swift; path = iOSBootcampSwiftUIApp.swift; sourceTree = "<group>"; };
		6C711F1829C741C900119283 /* ContentView.swift */ = {isa = PBXFileReference; lastKnownFileType = sourcecode.swift; path = ContentView.swift; sourceTree = "<group>"; };
		6C711F1A29C741CB00119283 /* Assets.xcassets */ = {isa = PBXFileReference; lastKnownFileType = folder.assetcatalog; path = Assets.xcassets; sourceTree = "<group>"; };
		6C711F1D29C741CB00119283 /* Preview Assets.xcassets */ = {isa = PBXFileReference; lastKnownFileType = folder.assetcatalog; path = "Preview Assets.xcassets"; sourceTree = "<group>"; };
		6C711F2429C74B5800119283 /* Shapes.swift */ = {isa = PBXFileReference; fileEncoding = 4; lastKnownFileType = sourcecode.swift; path = Shapes.swift; sourceTree = "<group>"; };
		6C711F2629C74B6000119283 /* Colors.swift */ = {isa = PBXFileReference; fileEncoding = 4; lastKnownFileType = sourcecode.swift; path = Colors.swift; sourceTree = "<group>"; };
		6C711F2829C750B200119283 /* Animation.swift */ = {isa = PBXFileReference; fileEncoding = 4; lastKnownFileType = sourcecode.swift; path = Animation.swift; sourceTree = "<group>"; };
		6C711F2A29C750C700119283 /* Buttons.swift */ = {isa = PBXFileReference; fileEncoding = 4; lastKnownFileType = sourcecode.swift; path = Buttons.swift; sourceTree = "<group>"; };
		6C711F2C29C750DE00119283 /* Icons.swift */ = {isa = PBXFileReference; fileEncoding = 4; lastKnownFileType = sourcecode.swift; path = Icons.swift; sourceTree = "<group>"; };
		6C711F2E29C750F200119283 /* Images.swift */ = {isa = PBXFileReference; fileEncoding = 4; lastKnownFileType = sourcecode.swift; path = Images.swift; sourceTree = "<group>"; };
		6C711F3029C7514F00119283 /* Backgrounds&Overlays.swift */ = {isa = PBXFileReference; fileEncoding = 4; lastKnownFileType = sourcecode.swift; path = "Backgrounds&Overlays.swift"; sourceTree = "<group>"; };
		6C711F3229C7518F00119283 /* BindingProperties.swift */ = {isa = PBXFileReference; fileEncoding = 4; lastKnownFileType = sourcecode.swift; path = BindingProperties.swift; sourceTree = "<group>"; };
		6C711F3429C7535C00119283 /* Grids.swift */ = {isa = PBXFileReference; lastKnownFileType = sourcecode.swift; path = Grids.swift; sourceTree = "<group>"; };
		6C711F3629C7558200119283 /* TextDemo.swift */ = {isa = PBXFileReference; lastKnownFileType = sourcecode.swift; path = TextDemo.swift; sourceTree = "<group>"; };
		6C711F3829C7575700119283 /* ScrollViewDemo.swift */ = {isa = PBXFileReference; lastKnownFileType = sourcecode.swift; path = ScrollViewDemo.swift; sourceTree = "<group>"; };
		6C8B0F462A02098600E29FF5 /* SegmentedControlDemo.swift */ = {isa = PBXFileReference; lastKnownFileType = sourcecode.swift; path = SegmentedControlDemo.swift; sourceTree = "<group>"; };
		6C8EB18D29F34BA100AE7BCE /* AlertsDemo.swift */ = {isa = PBXFileReference; lastKnownFileType = sourcecode.swift; path = AlertsDemo.swift; sourceTree = "<group>"; };
		6C9ED13429F8D30A00B6076A /* NavigationStackAndSheet.swift */ = {isa = PBXFileReference; lastKnownFileType = sourcecode.swift; path = NavigationStackAndSheet.swift; sourceTree = "<group>"; };
		6C9ED13629F8D46100B6076A /* DetailSheetView.swift */ = {isa = PBXFileReference; lastKnownFileType = sourcecode.swift; path = DetailSheetView.swift; sourceTree = "<group>"; };
		6CA045C529E47D6600194997 /* PullToRefreshDemo.swift */ = {isa = PBXFileReference; lastKnownFileType = sourcecode.swift; path = PullToRefreshDemo.swift; sourceTree = "<group>"; };
		6CA045C729E4878500194997 /* SearchItemsList.swift */ = {isa = PBXFileReference; lastKnownFileType = sourcecode.swift; path = SearchItemsList.swift; sourceTree = "<group>"; };
		6CA045C929E490A900194997 /* AutoScrollListDemo.swift */ = {isa = PBXFileReference; lastKnownFileType = sourcecode.swift; path = AutoScrollListDemo.swift; sourceTree = "<group>"; };
		6CBBB25A29DB9693007ABDC4 /* GeometryReaderStacks.swift */ = {isa = PBXFileReference; lastKnownFileType = sourcecode.swift; path = GeometryReaderStacks.swift; sourceTree = "<group>"; };
		6CC2278929CA7E0F00B52CE1 /* DragView.swift */ = {isa = PBXFileReference; lastKnownFileType = sourcecode.swift; path = DragView.swift; sourceTree = "<group>"; };
		6CC2278B29CA7FCD00B52CE1 /* RotateAnimation3D.swift */ = {isa = PBXFileReference; lastKnownFileType = sourcecode.swift; path = RotateAnimation3D.swift; sourceTree = "<group>"; };
		6CCF744529D5F3FE0037F3D7 /* DownloadWithCombine.swift */ = {isa = PBXFileReference; lastKnownFileType = sourcecode.swift; path = DownloadWithCombine.swift; sourceTree = "<group>"; };
		6CFE5FCB29DB3CD900376007 /* DisplayItemsInList.swift */ = {isa = PBXFileReference; lastKnownFileType = sourcecode.swift; path = DisplayItemsInList.swift; sourceTree = "<group>"; };
		6CFE5FCD29DB436200376007 /* FormDemo.swift */ = {isa = PBXFileReference; lastKnownFileType = sourcecode.swift; path = FormDemo.swift; sourceTree = "<group>"; };
		6CFE5FD029DB477600376007 /* RowStyleInList.swift */ = {isa = PBXFileReference; lastKnownFileType = sourcecode.swift; path = RowStyleInList.swift; sourceTree = "<group>"; };
		6CFE5FD229DB47D800376007 /* RowStyleDetailView.swift */ = {isa = PBXFileReference; lastKnownFileType = sourcecode.swift; path = RowStyleDetailView.swift; sourceTree = "<group>"; };
		6CFE5FD429DB4D2800376007 /* GeometryReaderDemo.swift */ = {isa = PBXFileReference; lastKnownFileType = sourcecode.swift; path = GeometryReaderDemo.swift; sourceTree = "<group>"; };
		6CFF4CE729C92C3200B1DFB9 /* HeroAnimations.swift */ = {isa = PBXFileReference; lastKnownFileType = sourcecode.swift; path = HeroAnimations.swift; sourceTree = "<group>"; };
		6CFF4CEA29C931AE00B1DFB9 /* NamespaceDemo.swift */ = {isa = PBXFileReference; lastKnownFileType = sourcecode.swift; path = NamespaceDemo.swift; sourceTree = "<group>"; };
		6CFF4CEC29C9339200B1DFB9 /* MagnifyView.swift */ = {isa = PBXFileReference; lastKnownFileType = sourcecode.swift; path = MagnifyView.swift; sourceTree = "<group>"; };
		6CFF4CEF29C937A300B1DFB9 /* DatePickerDemo.swift */ = {isa = PBXFileReference; lastKnownFileType = sourcecode.swift; path = DatePickerDemo.swift; sourceTree = "<group>"; };
		6CFF4CF129C93D1A00B1DFB9 /* RotateView.swift */ = {isa = PBXFileReference; lastKnownFileType = sourcecode.swift; path = RotateView.swift; sourceTree = "<group>"; };
/* End PBXFileReference section */

/* Begin PBXFrameworksBuildPhase section */
		6C711F1029C741C900119283 /* Frameworks */ = {
			isa = PBXFrameworksBuildPhase;
			buildActionMask = 2147483647;
			files = (
			);
			runOnlyForDeploymentPostprocessing = 0;
		};
/* End PBXFrameworksBuildPhase section */

/* Begin PBXGroup section */
		6C15CC8629CE14F0003F51B8 /* Navigation */ = {
			isa = PBXGroup;
			children = (
				6C15CC8729CE1500003F51B8 /* NavigationButtonClick.swift */,
				6C15CC8929CE1563003F51B8 /* DetailView.swift */,
				6C15CC8B29CE168C003F51B8 /* PassDataFromList.swift */,
				6C18FD4429CE60F40087FCBE /* ModalSheet.swift */,
				6C18FD4629CE61610087FCBE /* ModalWindow.swift */,
				6C366D9A29D000960001680B /* NavigationProgrammatically.swift */,
				6C366D9C29D001C40001680B /* DetailViewProgramatically.swift */,
				6C49301F29F3027D00A0FFA9 /* NavigationMultipleViews.swift */,
				6C49302129F302B300A0FFA9 /* SecondView.swift */,
				6C49302329F3046800A0FFA9 /* ThirdView.swift */,
				6C49302729F307CA00A0FFA9 /* MultipleNavigationValueTypes.swift */,
				6C488EB829F711E9006AB99F /* FullScreenCoverDemo.swift */,
				6C488EBA29F71215006AB99F /* ColorDetailView.swift */,
				6C9ED13429F8D30A00B6076A /* NavigationStackAndSheet.swift */,
				6C9ED13629F8D46100B6076A /* DetailSheetView.swift */,
			);
			path = Navigation;
			sourceTree = "<group>";
		};
		6C18FD4829CE64C20087FCBE /* Combine */ = {
			isa = PBXGroup;
			children = (
				6C18FD4929CE65000087FCBE /* ObservedObjectDemo.swift */,
				6C18FD4B29CE65270087FCBE /* ModeloDemo.swift */,
				6CCF744529D5F3FE0037F3D7 /* DownloadWithCombine.swift */,
			);
			path = Combine;
			sourceTree = "<group>";
		};
		6C3614E529C8DD7500A593B8 /* Grids */ = {
			isa = PBXGroup;
			children = (
				6C711F3429C7535C00119283 /* Grids.swift */,
				6C3614E329C8DD6F00A593B8 /* PinnedViews.swift */,
			);
			path = Grids;
			sourceTree = "<group>";
		};
		6C49301629F2EEE700A0FFA9 /* DataFlow */ = {
			isa = PBXGroup;
			children = (
				6C49301729F2EEF600A0FFA9 /* PassDataFromChildToParent.swift */,
				6C49301929F2F50300A0FFA9 /* AddItemView.swift */,
			);
			path = DataFlow;
			sourceTree = "<group>";
		};
		6C5BAFB929D4D22600214CE2 /* PassingData */ = {
			isa = PBXGroup;
			children = (
				6C5BAFBA29D4D24800214CE2 /* BindingImageDemo.swift */,
				6C5BAFBC29D4D2F800214CE2 /* PassingData.swift */,
				6C5BAFBE29D4D3BC00214CE2 /* BindingStringDemo.swift */,
			);
			path = PassingData;
			sourceTree = "<group>";
		};
		6C711F0A29C741C900119283 = {
			isa = PBXGroup;
			children = (
				6C711F1529C741C900119283 /* iOSBootcampSwiftUI */,
				6C711F1429C741C900119283 /* Products */,
			);
			sourceTree = "<group>";
		};
		6C711F1429C741C900119283 /* Products */ = {
			isa = PBXGroup;
			children = (
				6C711F1329C741C900119283 /* iOSBootcampSwiftUI.app */,
			);
			name = Products;
			sourceTree = "<group>";
		};
		6C711F1529C741C900119283 /* iOSBootcampSwiftUI */ = {
			isa = PBXGroup;
			children = (
				6C49301629F2EEE700A0FFA9 /* DataFlow */,
				6C711F1629C741C900119283 /* iOSBootcampSwiftUIApp.swift */,
				6C711F1829C741C900119283 /* ContentView.swift */,
				6CFE5FCA29DB3CC000376007 /* Lists */,
				6CFE5FCF29DB436E00376007 /* General */,
				6C5BAFB929D4D22600214CE2 /* PassingData */,
				6C18FD4829CE64C20087FCBE /* Combine */,
				6C15CC8629CE14F0003F51B8 /* Navigation */,
				6CFF4CE929C92C3900B1DFB9 /* Animation */,
				6C3614E529C8DD7500A593B8 /* Grids */,
				6C711F1A29C741CB00119283 /* Assets.xcassets */,
				6C711F1C29C741CB00119283 /* Preview Content */,
				6CFF4CEE29C9344200B1DFB9 /* Gestures */,
			);
			path = iOSBootcampSwiftUI;
			sourceTree = "<group>";
		};
		6C711F1C29C741CB00119283 /* Preview Content */ = {
			isa = PBXGroup;
			children = (
				6C711F1D29C741CB00119283 /* Preview Assets.xcassets */,
			);
			path = "Preview Content";
			sourceTree = "<group>";
		};
		6CFE5FCA29DB3CC000376007 /* Lists */ = {
			isa = PBXGroup;
			children = (
				6CFE5FCD29DB436200376007 /* FormDemo.swift */,
				6CFE5FCB29DB3CD900376007 /* DisplayItemsInList.swift */,
				6CFE5FD029DB477600376007 /* RowStyleInList.swift */,
				6CFE5FD229DB47D800376007 /* RowStyleDetailView.swift */,
				6CFE5FD429DB4D2800376007 /* GeometryReaderDemo.swift */,
				6CBBB25A29DB9693007ABDC4 /* GeometryReaderStacks.swift */,
				6C1AA0BA29DD058400B31FD7 /* AddingMovingRemovingItems.swift */,
				6CA045C529E47D6600194997 /* PullToRefreshDemo.swift */,
				6CA045C729E4878500194997 /* SearchItemsList.swift */,
				6CA045C929E490A900194997 /* AutoScrollListDemo.swift */,
				6C488E9029F6E642006AB99F /* MultipleLists.swift */,
				6C488E9229F6E6C1006AB99F /* MultiDetailView.swift */,
			);
			path = Lists;
			sourceTree = "<group>";
		};
		6CFE5FCF29DB436E00376007 /* General */ = {
			isa = PBXGroup;
			children = (
				6C711F3229C7518F00119283 /* BindingProperties.swift */,
				6C711F2C29C750DE00119283 /* Icons.swift */,
				6C711F3029C7514F00119283 /* Backgrounds&Overlays.swift */,
				6C711F3829C7575700119283 /* ScrollViewDemo.swift */,
				6C711F2429C74B5800119283 /* Shapes.swift */,
				6C711F3629C7558200119283 /* TextDemo.swift */,
				6C711F2E29C750F200119283 /* Images.swift */,
				6C711F2A29C750C700119283 /* Buttons.swift */,
				6C711F2629C74B6000119283 /* Colors.swift */,
				6C8EB18D29F34BA100AE7BCE /* AlertsDemo.swift */,
				6C8B0F462A02098600E29FF5 /* SegmentedControlDemo.swift */,
			);
			path = General;
			sourceTree = "<group>";
		};
		6CFF4CE929C92C3900B1DFB9 /* Animation */ = {
			isa = PBXGroup;
			children = (
				6C711F2829C750B200119283 /* Animation.swift */,
				6CFF4CE729C92C3200B1DFB9 /* HeroAnimations.swift */,
				6CFF4CEA29C931AE00B1DFB9 /* NamespaceDemo.swift */,
			);
			path = Animation;
			sourceTree = "<group>";
		};
		6CFF4CEE29C9344200B1DFB9 /* Gestures */ = {
			isa = PBXGroup;
			children = (
				6CFF4CEF29C937A300B1DFB9 /* DatePickerDemo.swift */,
				6CFF4CEC29C9339200B1DFB9 /* MagnifyView.swift */,
				6CFF4CF129C93D1A00B1DFB9 /* RotateView.swift */,
				6CC2278929CA7E0F00B52CE1 /* DragView.swift */,
				6CC2278B29CA7FCD00B52CE1 /* RotateAnimation3D.swift */,
			);
			path = Gestures;
			sourceTree = "<group>";
		};
/* End PBXGroup section */

/* Begin PBXNativeTarget section */
		6C711F1229C741C900119283 /* iOSBootcampSwiftUI */ = {
			isa = PBXNativeTarget;
			buildConfigurationList = 6C711F2129C741CB00119283 /* Build configuration list for PBXNativeTarget "iOSBootcampSwiftUI" */;
			buildPhases = (
				6C711F0F29C741C900119283 /* Sources */,
				6C711F1029C741C900119283 /* Frameworks */,
				6C711F1129C741C900119283 /* Resources */,
			);
			buildRules = (
			);
			dependencies = (
			);
			name = iOSBootcampSwiftUI;
			productName = iOSBootcampSwiftUI;
			productReference = 6C711F1329C741C900119283 /* iOSBootcampSwiftUI.app */;
			productType = "com.apple.product-type.application";
		};
/* End PBXNativeTarget section */

/* Begin PBXProject section */
		6C711F0B29C741C900119283 /* Project object */ = {
			isa = PBXProject;
			attributes = {
				BuildIndependentTargetsInParallel = 1;
				LastSwiftUpdateCheck = 1420;
				LastUpgradeCheck = 1420;
				TargetAttributes = {
					6C711F1229C741C900119283 = {
						CreatedOnToolsVersion = 14.2;
					};
				};
			};
			buildConfigurationList = 6C711F0E29C741C900119283 /* Build configuration list for PBXProject "iOSBootcampSwiftUI" */;
			compatibilityVersion = "Xcode 14.0";
			developmentRegion = en;
			hasScannedForEncodings = 0;
			knownRegions = (
				en,
				Base,
			);
			mainGroup = 6C711F0A29C741C900119283;
			productRefGroup = 6C711F1429C741C900119283 /* Products */;
			projectDirPath = "";
			projectRoot = "";
			targets = (
				6C711F1229C741C900119283 /* iOSBootcampSwiftUI */,
			);
		};
/* End PBXProject section */

/* Begin PBXResourcesBuildPhase section */
		6C711F1129C741C900119283 /* Resources */ = {
			isa = PBXResourcesBuildPhase;
			buildActionMask = 2147483647;
			files = (
				6C711F1E29C741CB00119283 /* Preview Assets.xcassets in Resources */,
				6C711F1B29C741CB00119283 /* Assets.xcassets in Resources */,
			);
			runOnlyForDeploymentPostprocessing = 0;
		};
/* End PBXResourcesBuildPhase section */

/* Begin PBXSourcesBuildPhase section */
		6C711F0F29C741C900119283 /* Sources */ = {
			isa = PBXSourcesBuildPhase;
			buildActionMask = 2147483647;
			files = (
				6CA045CA29E490A900194997 /* AutoScrollListDemo.swift in Sources */,
				6C711F2D29C750DE00119283 /* Icons.swift in Sources */,
				6C488E9329F6E6C1006AB99F /* MultiDetailView.swift in Sources */,
				6CFE5FD129DB477600376007 /* RowStyleInList.swift in Sources */,
				6C711F1929C741C900119283 /* ContentView.swift in Sources */,
				6C49302029F3027D00A0FFA9 /* NavigationMultipleViews.swift in Sources */,
				6CA045C829E4878500194997 /* SearchItemsList.swift in Sources */,
				6C8B0F472A02098600E29FF5 /* SegmentedControlDemo.swift in Sources */,
				6C3614E429C8DD6F00A593B8 /* PinnedViews.swift in Sources */,
				6CFE5FD529DB4D2800376007 /* GeometryReaderDemo.swift in Sources */,
				6C18FD4A29CE65000087FCBE /* ObservedObjectDemo.swift in Sources */,
				6CA045C629E47D6600194997 /* PullToRefreshDemo.swift in Sources */,
				6C8EB18E29F34BA100AE7BCE /* AlertsDemo.swift in Sources */,
				6C711F2729C74B6000119283 /* Colors.swift in Sources */,
				6C5BAFBB29D4D24800214CE2 /* BindingImageDemo.swift in Sources */,
				6C711F1729C741C900119283 /* iOSBootcampSwiftUIApp.swift in Sources */,
				6CFF4CF229C93D1A00B1DFB9 /* RotateView.swift in Sources */,
				6C366D9D29D001C40001680B /* DetailViewProgramatically.swift in Sources */,
				6C18FD4529CE60F40087FCBE /* ModalSheet.swift in Sources */,
				6CFE5FCE29DB436200376007 /* FormDemo.swift in Sources */,
				6C18FD4C29CE65270087FCBE /* ModeloDemo.swift in Sources */,
				6C49302229F302B300A0FFA9 /* SecondView.swift in Sources */,
				6CC2278C29CA7FCD00B52CE1 /* RotateAnimation3D.swift in Sources */,
				6C711F3529C7535C00119283 /* Grids.swift in Sources */,
				6C711F2B29C750C700119283 /* Buttons.swift in Sources */,
				6CFE5FD329DB47D800376007 /* RowStyleDetailView.swift in Sources */,
				6C49302829F307CB00A0FFA9 /* MultipleNavigationValueTypes.swift in Sources */,
				6C5BAFBF29D4D3BC00214CE2 /* BindingStringDemo.swift in Sources */,
				6CCF744629D5F3FE0037F3D7 /* DownloadWithCombine.swift in Sources */,
				6CFF4CEB29C931AE00B1DFB9 /* NamespaceDemo.swift in Sources */,
				6C488EB929F711E9006AB99F /* FullScreenCoverDemo.swift in Sources */,
				6CFF4CF029C937A300B1DFB9 /* DatePickerDemo.swift in Sources */,
				6C711F2F29C750F200119283 /* Images.swift in Sources */,
				6C18FD4729CE61610087FCBE /* ModalWindow.swift in Sources */,
				6CFE5FCC29DB3CD900376007 /* DisplayItemsInList.swift in Sources */,
				6C9ED13529F8D30A00B6076A /* NavigationStackAndSheet.swift in Sources */,
				6C711F3929C7575700119283 /* ScrollViewDemo.swift in Sources */,
				6C711F3129C7514F00119283 /* Backgrounds&Overlays.swift in Sources */,
				6CFF4CED29C9339200B1DFB9 /* MagnifyView.swift in Sources */,
				6CC2278A29CA7E0F00B52CE1 /* DragView.swift in Sources */,
				6C711F2929C750B200119283 /* Animation.swift in Sources */,
				6C488E9129F6E642006AB99F /* MultipleLists.swift in Sources */,
				6C49302429F3046800A0FFA9 /* ThirdView.swift in Sources */,
				6C366D9B29D000960001680B /* NavigationProgrammatically.swift in Sources */,
				6C15CC8A29CE1563003F51B8 /* DetailView.swift in Sources */,
				6C15CC8C29CE168D003F51B8 /* PassDataFromList.swift in Sources */,
				6C711F3329C7518F00119283 /* BindingProperties.swift in Sources */,
				6C488EBB29F71215006AB99F /* ColorDetailView.swift in Sources */,
				6C49301829F2EEF600A0FFA9 /* PassDataFromChildToParent.swift in Sources */,
				6C5BAFBD29D4D2F800214CE2 /* PassingData.swift in Sources */,
				6C9ED13729F8D46100B6076A /* DetailSheetView.swift in Sources */,
				6C15CC8829CE1500003F51B8 /* NavigationButtonClick.swift in Sources */,
				6C1AA0BB29DD058400B31FD7 /* AddingMovingRemovingItems.swift in Sources */,
				6C711F3729C7558200119283 /* TextDemo.swift in Sources */,
				6CBBB25B29DB9693007ABDC4 /* GeometryReaderStacks.swift in Sources */,
				6C49301A29F2F50300A0FFA9 /* AddItemView.swift in Sources */,
				6CFF4CE829C92C3200B1DFB9 /* HeroAnimations.swift in Sources */,
				6C711F2529C74B5800119283 /* Shapes.swift in Sources */,
			);
			runOnlyForDeploymentPostprocessing = 0;
		};
/* End PBXSourcesBuildPhase section */

/* Begin XCBuildConfiguration section */
		6C711F1F29C741CB00119283 /* Debug */ = {
			isa = XCBuildConfiguration;
			buildSettings = {
				ALWAYS_SEARCH_USER_PATHS = NO;
				CLANG_ANALYZER_NONNULL = YES;
				CLANG_ANALYZER_NUMBER_OBJECT_CONVERSION = YES_AGGRESSIVE;
				CLANG_CXX_LANGUAGE_STANDARD = "gnu++20";
				CLANG_ENABLE_MODULES = YES;
				CLANG_ENABLE_OBJC_ARC = YES;
				CLANG_ENABLE_OBJC_WEAK = YES;
				CLANG_WARN_BLOCK_CAPTURE_AUTORELEASING = YES;
				CLANG_WARN_BOOL_CONVERSION = YES;
				CLANG_WARN_COMMA = YES;
				CLANG_WARN_CONSTANT_CONVERSION = YES;
				CLANG_WARN_DEPRECATED_OBJC_IMPLEMENTATIONS = YES;
				CLANG_WARN_DIRECT_OBJC_ISA_USAGE = YES_ERROR;
				CLANG_WARN_DOCUMENTATION_COMMENTS = YES;
				CLANG_WARN_EMPTY_BODY = YES;
				CLANG_WARN_ENUM_CONVERSION = YES;
				CLANG_WARN_INFINITE_RECURSION = YES;
				CLANG_WARN_INT_CONVERSION = YES;
				CLANG_WARN_NON_LITERAL_NULL_CONVERSION = YES;
				CLANG_WARN_OBJC_IMPLICIT_RETAIN_SELF = YES;
				CLANG_WARN_OBJC_LITERAL_CONVERSION = YES;
				CLANG_WARN_OBJC_ROOT_CLASS = YES_ERROR;
				CLANG_WARN_QUOTED_INCLUDE_IN_FRAMEWORK_HEADER = YES;
				CLANG_WARN_RANGE_LOOP_ANALYSIS = YES;
				CLANG_WARN_STRICT_PROTOTYPES = YES;
				CLANG_WARN_SUSPICIOUS_MOVE = YES;
				CLANG_WARN_UNGUARDED_AVAILABILITY = YES_AGGRESSIVE;
				CLANG_WARN_UNREACHABLE_CODE = YES;
				CLANG_WARN__DUPLICATE_METHOD_MATCH = YES;
				COPY_PHASE_STRIP = NO;
				DEBUG_INFORMATION_FORMAT = dwarf;
				ENABLE_STRICT_OBJC_MSGSEND = YES;
				ENABLE_TESTABILITY = YES;
				GCC_C_LANGUAGE_STANDARD = gnu11;
				GCC_DYNAMIC_NO_PIC = NO;
				GCC_NO_COMMON_BLOCKS = YES;
				GCC_OPTIMIZATION_LEVEL = 0;
				GCC_PREPROCESSOR_DEFINITIONS = (
					"DEBUG=1",
					"$(inherited)",
				);
				GCC_WARN_64_TO_32_BIT_CONVERSION = YES;
				GCC_WARN_ABOUT_RETURN_TYPE = YES_ERROR;
				GCC_WARN_UNDECLARED_SELECTOR = YES;
				GCC_WARN_UNINITIALIZED_AUTOS = YES_AGGRESSIVE;
				GCC_WARN_UNUSED_FUNCTION = YES;
				GCC_WARN_UNUSED_VARIABLE = YES;
				IPHONEOS_DEPLOYMENT_TARGET = 16.2;
				MTL_ENABLE_DEBUG_INFO = INCLUDE_SOURCE;
				MTL_FAST_MATH = YES;
				ONLY_ACTIVE_ARCH = YES;
				SDKROOT = iphoneos;
				SWIFT_ACTIVE_COMPILATION_CONDITIONS = DEBUG;
				SWIFT_OPTIMIZATION_LEVEL = "-Onone";
			};
			name = Debug;
		};
		6C711F2029C741CB00119283 /* Release */ = {
			isa = XCBuildConfiguration;
			buildSettings = {
				ALWAYS_SEARCH_USER_PATHS = NO;
				CLANG_ANALYZER_NONNULL = YES;
				CLANG_ANALYZER_NUMBER_OBJECT_CONVERSION = YES_AGGRESSIVE;
				CLANG_CXX_LANGUAGE_STANDARD = "gnu++20";
				CLANG_ENABLE_MODULES = YES;
				CLANG_ENABLE_OBJC_ARC = YES;
				CLANG_ENABLE_OBJC_WEAK = YES;
				CLANG_WARN_BLOCK_CAPTURE_AUTORELEASING = YES;
				CLANG_WARN_BOOL_CONVERSION = YES;
				CLANG_WARN_COMMA = YES;
				CLANG_WARN_CONSTANT_CONVERSION = YES;
				CLANG_WARN_DEPRECATED_OBJC_IMPLEMENTATIONS = YES;
				CLANG_WARN_DIRECT_OBJC_ISA_USAGE = YES_ERROR;
				CLANG_WARN_DOCUMENTATION_COMMENTS = YES;
				CLANG_WARN_EMPTY_BODY = YES;
				CLANG_WARN_ENUM_CONVERSION = YES;
				CLANG_WARN_INFINITE_RECURSION = YES;
				CLANG_WARN_INT_CONVERSION = YES;
				CLANG_WARN_NON_LITERAL_NULL_CONVERSION = YES;
				CLANG_WARN_OBJC_IMPLICIT_RETAIN_SELF = YES;
				CLANG_WARN_OBJC_LITERAL_CONVERSION = YES;
				CLANG_WARN_OBJC_ROOT_CLASS = YES_ERROR;
				CLANG_WARN_QUOTED_INCLUDE_IN_FRAMEWORK_HEADER = YES;
				CLANG_WARN_RANGE_LOOP_ANALYSIS = YES;
				CLANG_WARN_STRICT_PROTOTYPES = YES;
				CLANG_WARN_SUSPICIOUS_MOVE = YES;
				CLANG_WARN_UNGUARDED_AVAILABILITY = YES_AGGRESSIVE;
				CLANG_WARN_UNREACHABLE_CODE = YES;
				CLANG_WARN__DUPLICATE_METHOD_MATCH = YES;
				COPY_PHASE_STRIP = NO;
				DEBUG_INFORMATION_FORMAT = "dwarf-with-dsym";
				ENABLE_NS_ASSERTIONS = NO;
				ENABLE_STRICT_OBJC_MSGSEND = YES;
				GCC_C_LANGUAGE_STANDARD = gnu11;
				GCC_NO_COMMON_BLOCKS = YES;
				GCC_WARN_64_TO_32_BIT_CONVERSION = YES;
				GCC_WARN_ABOUT_RETURN_TYPE = YES_ERROR;
				GCC_WARN_UNDECLARED_SELECTOR = YES;
				GCC_WARN_UNINITIALIZED_AUTOS = YES_AGGRESSIVE;
				GCC_WARN_UNUSED_FUNCTION = YES;
				GCC_WARN_UNUSED_VARIABLE = YES;
				IPHONEOS_DEPLOYMENT_TARGET = 16.2;
				MTL_ENABLE_DEBUG_INFO = NO;
				MTL_FAST_MATH = YES;
				SDKROOT = iphoneos;
				SWIFT_COMPILATION_MODE = wholemodule;
				SWIFT_OPTIMIZATION_LEVEL = "-O";
				VALIDATE_PRODUCT = YES;
			};
			name = Release;
		};
		6C711F2229C741CB00119283 /* Debug */ = {
			isa = XCBuildConfiguration;
			buildSettings = {
				ASSETCATALOG_COMPILER_APPICON_NAME = AppIcon;
				ASSETCATALOG_COMPILER_GLOBAL_ACCENT_COLOR_NAME = AccentColor;
				CODE_SIGN_STYLE = Automatic;
				CURRENT_PROJECT_VERSION = 1;
				DEVELOPMENT_ASSET_PATHS = "\"iOSBootcampSwiftUI/Preview Content\"";
				DEVELOPMENT_TEAM = 28Z45T22J2;
				ENABLE_PREVIEWS = YES;
				GENERATE_INFOPLIST_FILE = YES;
				INFOPLIST_KEY_UIApplicationSceneManifest_Generation = YES;
				INFOPLIST_KEY_UIApplicationSupportsIndirectInputEvents = YES;
				INFOPLIST_KEY_UILaunchScreen_Generation = YES;
				INFOPLIST_KEY_UISupportedInterfaceOrientations_iPad = "UIInterfaceOrientationPortrait UIInterfaceOrientationPortraitUpsideDown UIInterfaceOrientationLandscapeLeft UIInterfaceOrientationLandscapeRight";
				INFOPLIST_KEY_UISupportedInterfaceOrientations_iPhone = "UIInterfaceOrientationPortrait UIInterfaceOrientationLandscapeLeft UIInterfaceOrientationLandscapeRight";
				IPHONEOS_DEPLOYMENT_TARGET = 16.0;
				LD_RUNPATH_SEARCH_PATHS = (
					"$(inherited)",
					"@executable_path/Frameworks",
				);
				MARKETING_VERSION = 1.0;
				PRODUCT_BUNDLE_IDENTIFIER = com.rotadevsolutions.iOSBootcampSwiftUI;
				PRODUCT_NAME = "$(TARGET_NAME)";
				SWIFT_EMIT_LOC_STRINGS = YES;
				SWIFT_VERSION = 5.0;
				TARGETED_DEVICE_FAMILY = "1,2";
			};
			name = Debug;
		};
		6C711F2329C741CB00119283 /* Release */ = {
			isa = XCBuildConfiguration;
			buildSettings = {
				ASSETCATALOG_COMPILER_APPICON_NAME = AppIcon;
				ASSETCATALOG_COMPILER_GLOBAL_ACCENT_COLOR_NAME = AccentColor;
				CODE_SIGN_STYLE = Automatic;
				CURRENT_PROJECT_VERSION = 1;
				DEVELOPMENT_ASSET_PATHS = "\"iOSBootcampSwiftUI/Preview Content\"";
				DEVELOPMENT_TEAM = 28Z45T22J2;
				ENABLE_PREVIEWS = YES;
				GENERATE_INFOPLIST_FILE = YES;
				INFOPLIST_KEY_UIApplicationSceneManifest_Generation = YES;
				INFOPLIST_KEY_UIApplicationSupportsIndirectInputEvents = YES;
				INFOPLIST_KEY_UILaunchScreen_Generation = YES;
				INFOPLIST_KEY_UISupportedInterfaceOrientations_iPad = "UIInterfaceOrientationPortrait UIInterfaceOrientationPortraitUpsideDown UIInterfaceOrientationLandscapeLeft UIInterfaceOrientationLandscapeRight";
				INFOPLIST_KEY_UISupportedInterfaceOrientations_iPhone = "UIInterfaceOrientationPortrait UIInterfaceOrientationLandscapeLeft UIInterfaceOrientationLandscapeRight";
				IPHONEOS_DEPLOYMENT_TARGET = 16.0;
				LD_RUNPATH_SEARCH_PATHS = (
					"$(inherited)",
					"@executable_path/Frameworks",
				);
				MARKETING_VERSION = 1.0;
				PRODUCT_BUNDLE_IDENTIFIER = com.rotadevsolutions.iOSBootcampSwiftUI;
				PRODUCT_NAME = "$(TARGET_NAME)";
				SWIFT_EMIT_LOC_STRINGS = YES;
				SWIFT_VERSION = 5.0;
				TARGETED_DEVICE_FAMILY = "1,2";
			};
			name = Release;
		};
/* End XCBuildConfiguration section */

/* Begin XCConfigurationList section */
		6C711F0E29C741C900119283 /* Build configuration list for PBXProject "iOSBootcampSwiftUI" */ = {
			isa = XCConfigurationList;
			buildConfigurations = (
				6C711F1F29C741CB00119283 /* Debug */,
				6C711F2029C741CB00119283 /* Release */,
			);
			defaultConfigurationIsVisible = 0;
			defaultConfigurationName = Release;
		};
		6C711F2129C741CB00119283 /* Build configuration list for PBXNativeTarget "iOSBootcampSwiftUI" */ = {
			isa = XCConfigurationList;
			buildConfigurations = (
				6C711F2229C741CB00119283 /* Debug */,
				6C711F2329C741CB00119283 /* Release */,
			);
			defaultConfigurationIsVisible = 0;
			defaultConfigurationName = Release;
		};
/* End XCConfigurationList section */
	};
	rootObject = 6C711F0B29C741C900119283 /* Project object */;
}
